
Microsoft Visual Studio Solution File, Format Version 12.00
# Visual Studio Version 16
VisualStudioVersion = 16.0.33027.164
MinimumVisualStudioVersion = 10.0.40219.1
Project("{FAE04EC0-301F-11D3-BF4B-00C04F79EFBC}") = "HFIV_1_MatchGame", "HFIV_1_MatchGame.csproj", "{178CD506-33F5-4343-A209-A6E83E54F954}"
EndProject
Global
	GlobalSection(SolutionConfigurationPlatforms) = preSolution
		Debug|Any CPU = Debug|Any CPU
		Release|Any CPU = Release|Any CPU
	EndGlobalSection
	GlobalSection(ProjectConfigurationPlatforms) = postSolution
		{178CD506-33F5-4343-A209-A6E83E54F954}.Debug|Any CPU.ActiveCfg = Debug|Any CPU
		{178CD506-33F5-4343-A209-A6E83E54F954}.Debug|Any CPU.Build.0 = Debug|Any CPU
		{178CD506-33F5-4343-A209-A6E83E54F954}.Release|Any CPU.ActiveCfg = Release|Any CPU
		{178CD506-33F5-4343-A209-A6E83E54F954}.Release|Any CPU.Build.0 = Release|Any CPU
	EndGlobalSection
	GlobalSection(SolutionProperties) = preSolution
		HideSolutionNode = FALSE
	EndGlobalSection
	GlobalSection(ExtensibilityGlobals) = postSolution
		SolutionGuid = {B2D01AA4-4412-454B-8E54-BF1FED97FAF6}
	EndGlobalSection
EndGlobal
